# THIS IS AN AUTOGENERATED FILE. DO NOT EDIT THIS FILE DIRECTLY.
# yarn lockfile v1


mobx-react-devtools@^6.1.1:
  version "6.1.1"
  resolved "https://registry.yarnpkg.com/mobx-react-devtools/-/mobx-react-devtools-6.1.1.tgz#a462b944085cf11ff96fc937d12bf31dab4c8984"
  integrity sha512-nc5IXLdEUFLn3wZal65KF3/JFEFd+mbH4KTz/IG5BOPyw7jo8z29w/8qm7+wiCyqVfUIgJ1gL4+HVKmcXIOgqA==
